
Microsoft Visual Studio Solution File, Format Version 12.00
# Visual Studio Version 17
VisualStudioVersion = 17.4.33110.190
MinimumVisualStudioVersion = 10.0.40219.1
Project("{8BC9CEB8-8B4A-11D0-8D11-00A0C91BC942}") = "Iris", "Iris\Iris.vcxproj", "{C5FFA40F-F182-4E08-B24F-1409D269B6CD}"
EndProject
Global
	GlobalSection(SolutionConfigurationPlatforms) = preSolution
		Debug|x64 = Debug|x64
		Debug|x86 = Debug|x86
		Release|x64 = Release|x64
		Release|x86 = Release|x86
	EndGlobalSection
	GlobalSection(ProjectConfigurationPlatforms) = postSolution
		{C5FFA40F-F182-4E08-B24F-1409D269B6CD}.Debug|x64.ActiveCfg = Debug|x64
		{C5FFA40F-F182-4E08-B24F-1409D269B6CD}.Debug|x64.Build.0 = Debug|x64
		{C5FFA40F-F182-4E08-B24F-1409D269B6CD}.Debug|x86.ActiveCfg = Debug|Win32
		{C5FFA40F-F182-4E08-B24F-1409D269B6CD}.Debug|x86.Build.0 = Debug|Win32
		{C5FFA40F-F182-4E08-B24F-1409D269B6CD}.Release|x64.ActiveCfg = Release|x64
		{C5FFA40F-F182-4E08-B24F-1409D269B6CD}.Release|x64.Build.0 = Release|x64
		{C5FFA40F-F182-4E08-B24F-1409D269B6CD}.Release|x86.ActiveCfg = Release|Win32
		{C5FFA40F-F182-4E08-B24F-1409D269B6CD}.Release|x86.Build.0 = Release|Win32
	EndGlobalSection
	GlobalSection(SolutionProperties) = preSolution
		HideSolutionNode = FALSE
	EndGlobalSection
	GlobalSection(ExtensibilityGlobals) = postSolution
		SolutionGuid = {0B10DC6D-3976-4256-80E7-E429B1E9263E}
	EndGlobalSection
EndGlobal
